// !$*UTF8*$!
{
	archiveVersion = 1;
	classes = {
	};
	objectVersion = 50;
	objects = {

/* Begin PBXBuildFile section */
		6E0C505F23F1E5F100FFF8DD /* Renderer.swift in Sources */ = {isa = PBXBuildFile; fileRef = 6E0C505E23F1E5F100FFF8DD /* Renderer.swift */; };
		6E0C506123F1F17800FFF8DD /* Shaders.metal in Sources */ = {isa = PBXBuildFile; fileRef = 6E0C506023F1F17800FFF8DD /* Shaders.metal */; };
		6E0C506423F1F27500FFF8DD /* ShaderTypes.h in Sources */ = {isa = PBXBuildFile; fileRef = 6E0C506323F1F27500FFF8DD /* ShaderTypes.h */; };
		6E4A846D23DA3DA6005F8D6C /* AppDelegate.swift in Sources */ = {isa = PBXBuildFile; fileRef = 6E4A846C23DA3DA6005F8D6C /* AppDelegate.swift */; };
		6E4A846F23DA3DA6005F8D6C /* DisplayViewController.swift in Sources */ = {isa = PBXBuildFile; fileRef = 6E4A846E23DA3DA6005F8D6C /* DisplayViewController.swift */; };
		6E4A847123DA3DA7005F8D6C /* Assets.xcassets in Resources */ = {isa = PBXBuildFile; fileRef = 6E4A847023DA3DA7005F8D6C /* Assets.xcassets */; };
		6E4A847423DA3DA7005F8D6C /* Main.storyboard in Resources */ = {isa = PBXBuildFile; fileRef = 6E4A847223DA3DA7005F8D6C /* Main.storyboard */; };
		6E4A848023DA3DA8005F8D6C /* syphon_kinect_metal_clientTests.swift in Sources */ = {isa = PBXBuildFile; fileRef = 6E4A847F23DA3DA8005F8D6C /* syphon_kinect_metal_clientTests.swift */; };
		6E4A848C23DA3DF8005F8D6C /* Metal.framework in Frameworks */ = {isa = PBXBuildFile; fileRef = 6E4A848B23DA3DF8005F8D6C /* Metal.framework */; };
		6E4A848E23DA3E00005F8D6C /* MetalKit.framework in Frameworks */ = {isa = PBXBuildFile; fileRef = 6E4A848D23DA3E00005F8D6C /* MetalKit.framework */; };
		6E4A849623DA3EA4005F8D6C /* Syphon.framework in Frameworks */ = {isa = PBXBuildFile; fileRef = 6E4A849423DA3E9D005F8D6C /* Syphon.framework */; };
		6E4A849723DA3EA4005F8D6C /* Syphon.framework in Embed Frameworks */ = {isa = PBXBuildFile; fileRef = 6E4A849423DA3E9D005F8D6C /* Syphon.framework */; settings = {ATTRIBUTES = (CodeSignOnCopy, RemoveHeadersOnCopy, ); }; };
		6E4A849A23DA3FFB005F8D6C /* ControlsViewController.swift in Sources */ = {isa = PBXBuildFile; fileRef = 6E4A849823DA3FFB005F8D6C /* ControlsViewController.swift */; };
/* End PBXBuildFile section */

/* Begin PBXContainerItemProxy section */
		6E4A847C23DA3DA8005F8D6C /* PBXContainerItemProxy */ = {
			isa = PBXContainerItemProxy;
			containerPortal = 6E4A846123DA3DA6005F8D6C /* Project object */;
			proxyType = 1;
			remoteGlobalIDString = 6E4A846823DA3DA6005F8D6C;
			remoteInfo = "syphon-kinect-metal-client";
		};
/* End PBXContainerItemProxy section */

/* Begin PBXCopyFilesBuildPhase section */
		6E4A849323DA3E29005F8D6C /* Embed Frameworks */ = {
			isa = PBXCopyFilesBuildPhase;
			buildActionMask = 2147483647;
			dstPath = "";
			dstSubfolderSpec = 10;
			files = (
				6E4A849723DA3EA4005F8D6C /* Syphon.framework in Embed Frameworks */,
			);
			name = "Embed Frameworks";
			runOnlyForDeploymentPostprocessing = 0;
		};
/* End PBXCopyFilesBuildPhase section */

/* Begin PBXFileReference section */
		6E0C505E23F1E5F100FFF8DD /* Renderer.swift */ = {isa = PBXFileReference; lastKnownFileType = sourcecode.swift; path = Renderer.swift; sourceTree = "<group>"; };
		6E0C506023F1F17800FFF8DD /* Shaders.metal */ = {isa = PBXFileReference; lastKnownFileType = sourcecode.metal; path = Shaders.metal; sourceTree = "<group>"; };
		6E0C506223F1F27400FFF8DD /* syphon-kinect-metal-client-Bridging-Header.h */ = {isa = PBXFileReference; lastKnownFileType = sourcecode.c.h; path = "syphon-kinect-metal-client-Bridging-Header.h"; sourceTree = "<group>"; };
		6E0C506323F1F27500FFF8DD /* ShaderTypes.h */ = {isa = PBXFileReference; lastKnownFileType = sourcecode.c.h; path = ShaderTypes.h; sourceTree = "<group>"; };
		6E4A846923DA3DA6005F8D6C /* syphon-kinect-metal-client.app */ = {isa = PBXFileReference; explicitFileType = wrapper.application; includeInIndex = 0; path = "syphon-kinect-metal-client.app"; sourceTree = BUILT_PRODUCTS_DIR; };
		6E4A846C23DA3DA6005F8D6C /* AppDelegate.swift */ = {isa = PBXFileReference; lastKnownFileType = sourcecode.swift; path = AppDelegate.swift; sourceTree = "<group>"; };
		6E4A846E23DA3DA6005F8D6C /* DisplayViewController.swift */ = {isa = PBXFileReference; lastKnownFileType = sourcecode.swift; path = DisplayViewController.swift; sourceTree = "<group>"; };
		6E4A847023DA3DA7005F8D6C /* Assets.xcassets */ = {isa = PBXFileReference; lastKnownFileType = folder.assetcatalog; path = Assets.xcassets; sourceTree = "<group>"; };
		6E4A847323DA3DA7005F8D6C /* Base */ = {isa = PBXFileReference; lastKnownFileType = file.storyboard; name = Base; path = Base.lproj/Main.storyboard; sourceTree = "<group>"; };
		6E4A847523DA3DA7005F8D6C /* Info.plist */ = {isa = PBXFileReference; lastKnownFileType = text.plist.xml; path = Info.plist; sourceTree = "<group>"; };
		6E4A847623DA3DA7005F8D6C /* syphon_kinect_metal_client.entitlements */ = {isa = PBXFileReference; lastKnownFileType = text.plist.entitlements; path = syphon_kinect_metal_client.entitlements; sourceTree = "<group>"; };
		6E4A847B23DA3DA8005F8D6C /* syphon-kinect-metal-clientTests.xctest */ = {isa = PBXFileReference; explicitFileType = wrapper.cfbundle; includeInIndex = 0; path = "syphon-kinect-metal-clientTests.xctest"; sourceTree = BUILT_PRODUCTS_DIR; };
		6E4A847F23DA3DA8005F8D6C /* syphon_kinect_metal_clientTests.swift */ = {isa = PBXFileReference; lastKnownFileType = sourcecode.swift; path = syphon_kinect_metal_clientTests.swift; sourceTree = "<group>"; };
		6E4A848123DA3DA8005F8D6C /* Info.plist */ = {isa = PBXFileReference; lastKnownFileType = text.plist.xml; path = Info.plist; sourceTree = "<group>"; };
		6E4A848B23DA3DF8005F8D6C /* Metal.framework */ = {isa = PBXFileReference; lastKnownFileType = wrapper.framework; name = Metal.framework; path = System/Library/Frameworks/Metal.framework; sourceTree = SDKROOT; };
		6E4A848D23DA3E00005F8D6C /* MetalKit.framework */ = {isa = PBXFileReference; lastKnownFileType = wrapper.framework; name = MetalKit.framework; path = System/Library/Frameworks/MetalKit.framework; sourceTree = SDKROOT; };
		6E4A849423DA3E9D005F8D6C /* Syphon.framework */ = {isa = PBXFileReference; lastKnownFileType = wrapper.framework; path = Syphon.framework; sourceTree = "<group>"; };
		6E4A849823DA3FFB005F8D6C /* ControlsViewController.swift */ = {isa = PBXFileReference; lastKnownFileType = sourcecode.swift; path = ControlsViewController.swift; sourceTree = "<group>"; };
/* End PBXFileReference section */

/* Begin PBXFrameworksBuildPhase section */
		6E4A846623DA3DA6005F8D6C /* Frameworks */ = {
			isa = PBXFrameworksBuildPhase;
			buildActionMask = 2147483647;
			files = (
				6E4A848C23DA3DF8005F8D6C /* Metal.framework in Frameworks */,
				6E4A849623DA3EA4005F8D6C /* Syphon.framework in Frameworks */,
				6E4A848E23DA3E00005F8D6C /* MetalKit.framework in Frameworks */,
			);
			runOnlyForDeploymentPostprocessing = 0;
		};
		6E4A847823DA3DA8005F8D6C /* Frameworks */ = {
			isa = PBXFrameworksBuildPhase;
			buildActionMask = 2147483647;
			files = (
			);
			runOnlyForDeploymentPostprocessing = 0;
		};
/* End PBXFrameworksBuildPhase section */

/* Begin PBXGroup section */
		6E4A846023DA3DA6005F8D6C = {
			isa = PBXGroup;
			children = (
				6E4A846B23DA3DA6005F8D6C /* syphon-kinect-metal-client */,
				6E4A847E23DA3DA8005F8D6C /* syphon-kinect-metal-clientTests */,
				6E4A846A23DA3DA6005F8D6C /* Products */,
				6E4A848A23DA3DF8005F8D6C /* Frameworks */,
			);
			sourceTree = "<group>";
		};
		6E4A846A23DA3DA6005F8D6C /* Products */ = {
			isa = PBXGroup;
			children = (
				6E4A846923DA3DA6005F8D6C /* syphon-kinect-metal-client.app */,
				6E4A847B23DA3DA8005F8D6C /* syphon-kinect-metal-clientTests.xctest */,
			);
			name = Products;
			sourceTree = "<group>";
		};
		6E4A846B23DA3DA6005F8D6C /* syphon-kinect-metal-client */ = {
			isa = PBXGroup;
			children = (
				6E4A846C23DA3DA6005F8D6C /* AppDelegate.swift */,
				6E4A846E23DA3DA6005F8D6C /* DisplayViewController.swift */,
				6E0C505E23F1E5F100FFF8DD /* Renderer.swift */,
				6E0C506323F1F27500FFF8DD /* ShaderTypes.h */,
				6E0C506023F1F17800FFF8DD /* Shaders.metal */,
				6E4A849823DA3FFB005F8D6C /* ControlsViewController.swift */,
				6E4A847023DA3DA7005F8D6C /* Assets.xcassets */,
				6E4A847223DA3DA7005F8D6C /* Main.storyboard */,
				6E4A847523DA3DA7005F8D6C /* Info.plist */,
				6E4A847623DA3DA7005F8D6C /* syphon_kinect_metal_client.entitlements */,
				6E0C506223F1F27400FFF8DD /* syphon-kinect-metal-client-Bridging-Header.h */,
			);
			path = "syphon-kinect-metal-client";
			sourceTree = "<group>";
		};
		6E4A847E23DA3DA8005F8D6C /* syphon-kinect-metal-clientTests */ = {
			isa = PBXGroup;
			children = (
				6E4A847F23DA3DA8005F8D6C /* syphon_kinect_metal_clientTests.swift */,
				6E4A848123DA3DA8005F8D6C /* Info.plist */,
			);
			path = "syphon-kinect-metal-clientTests";
			sourceTree = "<group>";
		};
		6E4A848A23DA3DF8005F8D6C /* Frameworks */ = {
			isa = PBXGroup;
			children = (
				6E4A849423DA3E9D005F8D6C /* Syphon.framework */,
				6E4A848D23DA3E00005F8D6C /* MetalKit.framework */,
				6E4A848B23DA3DF8005F8D6C /* Metal.framework */,
			);
			name = Frameworks;
			sourceTree = "<group>";
		};
/* End PBXGroup section */

/* Begin PBXNativeTarget section */
		6E4A846823DA3DA6005F8D6C /* syphon-kinect-metal-client */ = {
			isa = PBXNativeTarget;
			buildConfigurationList = 6E4A848423DA3DA8005F8D6C /* Build configuration list for PBXNativeTarget "syphon-kinect-metal-client" */;
			buildPhases = (
				6E4A846523DA3DA6005F8D6C /* Sources */,
				6E4A846623DA3DA6005F8D6C /* Frameworks */,
				6E4A846723DA3DA6005F8D6C /* Resources */,
				6E4A849323DA3E29005F8D6C /* Embed Frameworks */,
			);
			buildRules = (
			);
			dependencies = (
			);
			name = "syphon-kinect-metal-client";
			productName = "syphon-kinect-metal-client";
			productReference = 6E4A846923DA3DA6005F8D6C /* syphon-kinect-metal-client.app */;
			productType = "com.apple.product-type.application";
		};
		6E4A847A23DA3DA8005F8D6C /* syphon-kinect-metal-clientTests */ = {
			isa = PBXNativeTarget;
			buildConfigurationList = 6E4A848723DA3DA8005F8D6C /* Build configuration list for PBXNativeTarget "syphon-kinect-metal-clientTests" */;
			buildPhases = (
				6E4A847723DA3DA8005F8D6C /* Sources */,
				6E4A847823DA3DA8005F8D6C /* Frameworks */,
				6E4A847923DA3DA8005F8D6C /* Resources */,
			);
			buildRules = (
			);
			dependencies = (
				6E4A847D23DA3DA8005F8D6C /* PBXTargetDependency */,
			);
			name = "syphon-kinect-metal-clientTests";
			productName = "syphon-kinect-metal-clientTests";
			productReference = 6E4A847B23DA3DA8005F8D6C /* syphon-kinect-metal-clientTests.xctest */;
			productType = "com.apple.product-type.bundle.unit-test";
		};
/* End PBXNativeTarget section */

/* Begin PBXProject section */
		6E4A846123DA3DA6005F8D6C /* Project object */ = {
			isa = PBXProject;
			attributes = {
				LastSwiftUpdateCheck = 1130;
				LastUpgradeCheck = 1130;
				ORGANIZATIONNAME = "George Brown";
				TargetAttributes = {
					6E4A846823DA3DA6005F8D6C = {
						CreatedOnToolsVersion = 11.3.1;
						LastSwiftMigration = 1130;
					};
					6E4A847A23DA3DA8005F8D6C = {
						CreatedOnToolsVersion = 11.3.1;
						TestTargetID = 6E4A846823DA3DA6005F8D6C;
					};
				};
			};
			buildConfigurationList = 6E4A846423DA3DA6005F8D6C /* Build configuration list for PBXProject "syphon-kinect-metal-client" */;
			compatibilityVersion = "Xcode 9.3";
			developmentRegion = en;
			hasScannedForEncodings = 0;
			knownRegions = (
				en,
				Base,
			);
			mainGroup = 6E4A846023DA3DA6005F8D6C;
			productRefGroup = 6E4A846A23DA3DA6005F8D6C /* Products */;
			projectDirPath = "";
			projectRoot = "";
			targets = (
				6E4A846823DA3DA6005F8D6C /* syphon-kinect-metal-client */,
				6E4A847A23DA3DA8005F8D6C /* syphon-kinect-metal-clientTests */,
			);
		};
/* End PBXProject section */

/* Begin PBXResourcesBuildPhase section */
		6E4A846723DA3DA6005F8D6C /* Resources */ = {
			isa = PBXResourcesBuildPhase;
			buildActionMask = 2147483647;
			files = (
				6E4A847123DA3DA7005F8D6C /* Assets.xcassets in Resources */,
				6E4A847423DA3DA7005F8D6C /* Main.storyboard in Resources */,
			);
			runOnlyForDeploymentPostprocessing = 0;
		};
		6E4A847923DA3DA8005F8D6C /* Resources */ = {
			isa = PBXResourcesBuildPhase;
			buildActionMask = 2147483647;
			files = (
			);
			runOnlyForDeploymentPostprocessing = 0;
		};
/* End PBXResourcesBuildPhase section */

/* Begin PBXSourcesBuildPhase section */
		6E4A846523DA3DA6005F8D6C /* Sources */ = {
			isa = PBXSourcesBuildPhase;
			buildActionMask = 2147483647;
			files = (
				6E0C506423F1F27500FFF8DD /* ShaderTypes.h in Sources */,
				6E0C505F23F1E5F100FFF8DD /* Renderer.swift in Sources */,
				6E4A846F23DA3DA6005F8D6C /* DisplayViewController.swift in Sources */,
				6E4A846D23DA3DA6005F8D6C /* AppDelegate.swift in Sources */,
				6E4A849A23DA3FFB005F8D6C /* ControlsViewController.swift in Sources */,
				6E0C506123F1F17800FFF8DD /* Shaders.metal in Sources */,
			);
			runOnlyForDeploymentPostprocessing = 0;
		};
		6E4A847723DA3DA8005F8D6C /* Sources */ = {
			isa = PBXSourcesBuildPhase;
			buildActionMask = 2147483647;
			files = (
				6E4A848023DA3DA8005F8D6C /* syphon_kinect_metal_clientTests.swift in Sources */,
			);
			runOnlyForDeploymentPostprocessing = 0;
		};
/* End PBXSourcesBuildPhase section */

/* Begin PBXTargetDependency section */
		6E4A847D23DA3DA8005F8D6C /* PBXTargetDependency */ = {
			isa = PBXTargetDependency;
			target = 6E4A846823DA3DA6005F8D6C /* syphon-kinect-metal-client */;
			targetProxy = 6E4A847C23DA3DA8005F8D6C /* PBXContainerItemProxy */;
		};
/* End PBXTargetDependency section */

/* Begin PBXVariantGroup section */
		6E4A847223DA3DA7005F8D6C /* Main.storyboard */ = {
			isa = PBXVariantGroup;
			children = (
				6E4A847323DA3DA7005F8D6C /* Base */,
			);
			name = Main.storyboard;
			sourceTree = "<group>";
		};
/* End PBXVariantGroup section */

/* Begin XCBuildConfiguration section */
		6E4A848223DA3DA8005F8D6C /* Debug */ = {
			isa = XCBuildConfiguration;
			buildSettings = {
				ALWAYS_SEARCH_USER_PATHS = NO;
				CLANG_ANALYZER_NONNULL = YES;
				CLANG_ANALYZER_NUMBER_OBJECT_CONVERSION = YES_AGGRESSIVE;
				CLANG_CXX_LANGUAGE_STANDARD = "gnu++14";
				CLANG_CXX_LIBRARY = "libc++";
				CLANG_ENABLE_MODULES = YES;
				CLANG_ENABLE_OBJC_ARC = YES;
				CLANG_ENABLE_OBJC_WEAK = YES;
				CLANG_WARN_BLOCK_CAPTURE_AUTORELEASING = YES;
				CLANG_WARN_BOOL_CONVERSION = YES;
				CLANG_WARN_COMMA = YES;
				CLANG_WARN_CONSTANT_CONVERSION = YES;
				CLANG_WARN_DEPRECATED_OBJC_IMPLEMENTATIONS = YES;
				CLANG_WARN_DIRECT_OBJC_ISA_USAGE = YES_ERROR;
				CLANG_WARN_DOCUMENTATION_COMMENTS = YES;
				CLANG_WARN_EMPTY_BODY = YES;
				CLANG_WARN_ENUM_CONVERSION = YES;
				CLANG_WARN_INFINITE_RECURSION = YES;
				CLANG_WARN_INT_CONVERSION = YES;
				CLANG_WARN_NON_LITERAL_NULL_CONVERSION = YES;
				CLANG_WARN_OBJC_IMPLICIT_RETAIN_SELF = YES;
				CLANG_WARN_OBJC_LITERAL_CONVERSION = YES;
				CLANG_WARN_OBJC_ROOT_CLASS = YES_ERROR;
				CLANG_WARN_RANGE_LOOP_ANALYSIS = YES;
				CLANG_WARN_STRICT_PROTOTYPES = YES;
				CLANG_WARN_SUSPICIOUS_MOVE = YES;
				CLANG_WARN_UNGUARDED_AVAILABILITY = YES_AGGRESSIVE;
				CLANG_WARN_UNREACHABLE_CODE = YES;
				CLANG_WARN__DUPLICATE_METHOD_MATCH = YES;
				COPY_PHASE_STRIP = NO;
				DEBUG_INFORMATION_FORMAT = dwarf;
				ENABLE_STRICT_OBJC_MSGSEND = YES;
				ENABLE_TESTABILITY = YES;
				GCC_C_LANGUAGE_STANDARD = gnu11;
				GCC_DYNAMIC_NO_PIC = NO;
				GCC_NO_COMMON_BLOCKS = YES;
				GCC_OPTIMIZATION_LEVEL = 0;
				GCC_PREPROCESSOR_DEFINITIONS = (
					"DEBUG=1",
					"$(inherited)",
				);
				GCC_WARN_64_TO_32_BIT_CONVERSION = YES;
				GCC_WARN_ABOUT_RETURN_TYPE = YES_ERROR;
				GCC_WARN_UNDECLARED_SELECTOR = YES;
				GCC_WARN_UNINITIALIZED_AUTOS = YES_AGGRESSIVE;
				GCC_WARN_UNUSED_FUNCTION = YES;
				GCC_WARN_UNUSED_VARIABLE = YES;
				MACOSX_DEPLOYMENT_TARGET = 10.14;
				MTL_ENABLE_DEBUG_INFO = INCLUDE_SOURCE;
				MTL_FAST_MATH = YES;
				ONLY_ACTIVE_ARCH = YES;
				SDKROOT = macosx;
				SWIFT_ACTIVE_COMPILATION_CONDITIONS = DEBUG;
				SWIFT_OPTIMIZATION_LEVEL = "-Onone";
			};
			name = Debug;
		};
		6E4A848323DA3DA8005F8D6C /* Release */ = {
			isa = XCBuildConfiguration;
			buildSettings = {
				ALWAYS_SEARCH_USER_PATHS = NO;
				CLANG_ANALYZER_NONNULL = YES;
				CLANG_ANALYZER_NUMBER_OBJECT_CONVERSION = YES_AGGRESSIVE;
				CLANG_CXX_LANGUAGE_STANDARD = "gnu++14";
				CLANG_CXX_LIBRARY = "libc++";
				CLANG_ENABLE_MODULES = YES;
				CLANG_ENABLE_OBJC_ARC = YES;
				CLANG_ENABLE_OBJC_WEAK = YES;
				CLANG_WARN_BLOCK_CAPTURE_AUTORELEASING = YES;
				CLANG_WARN_BOOL_CONVERSION = YES;
				CLANG_WARN_COMMA = YES;
				CLANG_WARN_CONSTANT_CONVERSION = YES;
				CLANG_WARN_DEPRECATED_OBJC_IMPLEMENTATIONS = YES;
				CLANG_WARN_DIRECT_OBJC_ISA_USAGE = YES_ERROR;
				CLANG_WARN_DOCUMENTATION_COMMENTS = YES;
				CLANG_WARN_EMPTY_BODY = YES;
				CLANG_WARN_ENUM_CONVERSION = YES;
				CLANG_WARN_INFINITE_RECURSION = YES;
				CLANG_WARN_INT_CONVERSION = YES;
				CLANG_WARN_NON_LITERAL_NULL_CONVERSION = YES;
				CLANG_WARN_OBJC_IMPLICIT_RETAIN_SELF = YES;
				CLANG_WARN_OBJC_LITERAL_CONVERSION = YES;
				CLANG_WARN_OBJC_ROOT_CLASS = YES_ERROR;
				CLANG_WARN_RANGE_LOOP_ANALYSIS = YES;
				CLANG_WARN_STRICT_PROTOTYPES = YES;
				CLANG_WARN_SUSPICIOUS_MOVE = YES;
				CLANG_WARN_UNGUARDED_AVAILABILITY = YES_AGGRESSIVE;
				CLANG_WARN_UNREACHABLE_CODE = YES;
				CLANG_WARN__DUPLICATE_METHOD_MATCH = YES;
				COPY_PHASE_STRIP = NO;
				DEBUG_INFORMATION_FORMAT = "dwarf-with-dsym";
				ENABLE_NS_ASSERTIONS = NO;
				ENABLE_STRICT_OBJC_MSGSEND = YES;
				GCC_C_LANGUAGE_STANDARD = gnu11;
				GCC_NO_COMMON_BLOCKS = YES;
				GCC_WARN_64_TO_32_BIT_CONVERSION = YES;
				GCC_WARN_ABOUT_RETURN_TYPE = YES_ERROR;
				GCC_WARN_UNDECLARED_SELECTOR = YES;
				GCC_WARN_UNINITIALIZED_AUTOS = YES_AGGRESSIVE;
				GCC_WARN_UNUSED_FUNCTION = YES;
				GCC_WARN_UNUSED_VARIABLE = YES;
				MACOSX_DEPLOYMENT_TARGET = 10.14;
				MTL_ENABLE_DEBUG_INFO = NO;
				MTL_FAST_MATH = YES;
				SDKROOT = macosx;
				SWIFT_COMPILATION_MODE = wholemodule;
				SWIFT_OPTIMIZATION_LEVEL = "-O";
			};
			name = Release;
		};
		6E4A848523DA3DA8005F8D6C /* Debug */ = {
			isa = XCBuildConfiguration;
			buildSettings = {
				ASSETCATALOG_COMPILER_APPICON_NAME = AppIcon;
				CLANG_ENABLE_MODULES = YES;
				CODE_SIGN_ENTITLEMENTS = "syphon-kinect-metal-client/syphon_kinect_metal_client.entitlements";
				CODE_SIGN_STYLE = Automatic;
				COMBINE_HIDPI_IMAGES = YES;
				DEVELOPMENT_TEAM = EZGTK3XF77;
				ENABLE_HARDENED_RUNTIME = YES;
				FRAMEWORK_SEARCH_PATHS = (
					"$(inherited)",
					"$(PROJECT_DIR)",
				);
				INFOPLIST_FILE = "syphon-kinect-metal-client/Info.plist";
				LD_RUNPATH_SEARCH_PATHS = (
					"$(inherited)",
					"@executable_path/../Frameworks",
				);
				PRODUCT_BUNDLE_IDENTIFIER = "com.seriouscyrus.syphon-kinect-metal-client";
				PRODUCT_NAME = "$(TARGET_NAME)";
				SWIFT_OBJC_BRIDGING_HEADER = "syphon-kinect-metal-client/syphon-kinect-metal-client-Bridging-Header.h";
				SWIFT_OPTIMIZATION_LEVEL = "-Onone";
				SWIFT_VERSION = 5.0;
			};
			name = Debug;
		};
		6E4A848623DA3DA8005F8D6C /* Release */ = {
			isa = XCBuildConfiguration;
			buildSettings = {
				ASSETCATALOG_COMPILER_APPICON_NAME = AppIcon;
				CLANG_ENABLE_MODULES = YES;
				CODE_SIGN_ENTITLEMENTS = "syphon-kinect-metal-client/syphon_kinect_metal_client.entitlements";
				CODE_SIGN_STYLE = Automatic;
				COMBINE_HIDPI_IMAGES = YES;
				DEVELOPMENT_TEAM = EZGTK3XF77;
				ENABLE_HARDENED_RUNTIME = YES;
				FRAMEWORK_SEARCH_PATHS = (
					"$(inherited)",
					"$(PROJECT_DIR)",
				);
				INFOPLIST_FILE = "syphon-kinect-metal-client/Info.plist";
				LD_RUNPATH_SEARCH_PATHS = (
					"$(inherited)",
					"@executable_path/../Frameworks",
				);
				PRODUCT_BUNDLE_IDENTIFIER = "com.seriouscyrus.syphon-kinect-metal-client";
				PRODUCT_NAME = "$(TARGET_NAME)";
				SWIFT_OBJC_BRIDGING_HEADER = "syphon-kinect-metal-client/syphon-kinect-metal-client-Bridging-Header.h";
				SWIFT_VERSION = 5.0;
			};
			name = Release;
		};
		6E4A848823DA3DA8005F8D6C /* Debug */ = {
			isa = XCBuildConfiguration;
			buildSettings = {
				ALWAYS_EMBED_SWIFT_STANDARD_LIBRARIES = YES;
				BUNDLE_LOADER = "$(TEST_HOST)";
				CODE_SIGN_STYLE = Automatic;
				COMBINE_HIDPI_IMAGES = YES;
				DEVELOPMENT_TEAM = EZGTK3XF77;
				INFOPLIST_FILE = "syphon-kinect-metal-clientTests/Info.plist";
				LD_RUNPATH_SEARCH_PATHS = (
					"$(inherited)",
					"@executable_path/../Frameworks",
					"@loader_path/../Frameworks",
				);
				MACOSX_DEPLOYMENT_TARGET = 10.14;
				PRODUCT_BUNDLE_IDENTIFIER = "com.seriouscyrus.syphon-kinect-metal-clientTests";
				PRODUCT_NAME = "$(TARGET_NAME)";
				SWIFT_VERSION = 5.0;
				TEST_HOST = "$(BUILT_PRODUCTS_DIR)/syphon-kinect-metal-client.app/Contents/MacOS/syphon-kinect-metal-client";
			};
			name = Debug;
		};
		6E4A848923DA3DA8005F8D6C /* Release */ = {
			isa = XCBuildConfiguration;
			buildSettings = {
				ALWAYS_EMBED_SWIFT_STANDARD_LIBRARIES = YES;
				BUNDLE_LOADER = "$(TEST_HOST)";
				CODE_SIGN_STYLE = Automatic;
				COMBINE_HIDPI_IMAGES = YES;
				DEVELOPMENT_TEAM = EZGTK3XF77;
				INFOPLIST_FILE = "syphon-kinect-metal-clientTests/Info.plist";
				LD_RUNPATH_SEARCH_PATHS = (
					"$(inherited)",
					"@executable_path/../Frameworks",
					"@loader_path/../Frameworks",
				);
				MACOSX_DEPLOYMENT_TARGET = 10.14;
				PRODUCT_BUNDLE_IDENTIFIER = "com.seriouscyrus.syphon-kinect-metal-clientTests";
				PRODUCT_NAME = "$(TARGET_NAME)";
				SWIFT_VERSION = 5.0;
				TEST_HOST = "$(BUILT_PRODUCTS_DIR)/syphon-kinect-metal-client.app/Contents/MacOS/syphon-kinect-metal-client";
			};
			name = Release;
		};
/* End XCBuildConfiguration section */

/* Begin XCConfigurationList section */
		6E4A846423DA3DA6005F8D6C /* Build configuration list for PBXProject "syphon-kinect-metal-client" */ = {
			isa = XCConfigurationList;
			buildConfigurations = (
				6E4A848223DA3DA8005F8D6C /* Debug */,
				6E4A848323DA3DA8005F8D6C /* Release */,
			);
			defaultConfigurationIsVisible = 0;
			defaultConfigurationName = Release;
		};
		6E4A848423DA3DA8005F8D6C /* Build configuration list for PBXNativeTarget "syphon-kinect-metal-client" */ = {
			isa = XCConfigurationList;
			buildConfigurations = (
				6E4A848523DA3DA8005F8D6C /* Debug */,
				6E4A848623DA3DA8005F8D6C /* Release */,
			);
			defaultConfigurationIsVisible = 0;
			defaultConfigurationName = Release;
		};
		6E4A848723DA3DA8005F8D6C /* Build configuration list for PBXNativeTarget "syphon-kinect-metal-clientTests" */ = {
			isa = XCConfigurationList;
			buildConfigurations = (
				6E4A848823DA3DA8005F8D6C /* Debug */,
				6E4A848923DA3DA8005F8D6C /* Release */,
			);
			defaultConfigurationIsVisible = 0;
			defaultConfigurationName = Release;
		};
/* End XCConfigurationList section */
	};
	rootObject = 6E4A846123DA3DA6005F8D6C /* Project object */;
}
